
Microsoft Visual Studio Solution File, Format Version 12.00
# Visual Studio Version 16
VisualStudioVersion = 25.0.1706.14
MinimumVisualStudioVersion = 10.0.40219.1
Project("{FAE04EC0-301F-11D3-BF4B-00C04F79EFBC}") = "consoleapp2", "consoleapp2\consoleapp2.csproj", "{57785E00-31F9-479B-849A-C932D37FEC39}"
EndProject
Global
	GlobalSection(SolutionConfigurationPlatforms) = preSolution
		Debug|Any CPU = Debug|Any CPU
		Release|Any CPU = Release|Any CPU
	EndGlobalSection
	GlobalSection(ProjectConfigurationPlatforms) = postSolution
		{57785E00-31F9-479B-849A-C932D37FEC39}.Debug|Any CPU.ActiveCfg = Debug|Any CPU
		{57785E00-31F9-479B-849A-C932D37FEC39}.Debug|Any CPU.Build.0 = Debug|Any CPU
		{57785E00-31F9-479B-849A-C932D37FEC39}.Release|Any CPU.ActiveCfg = Release|Any CPU
		{57785E00-31F9-479B-849A-C932D37FEC39}.Release|Any CPU.Build.0 = Release|Any CPU
	EndGlobalSection
	GlobalSection(SolutionProperties) = preSolution
		HideSolutionNode = FALSE
	EndGlobalSection
	GlobalSection(ExtensibilityGlobals) = postSolution
		SolutionGuid = {406A9802-F0FD-426A-8DDE-7B53F741B3C7}
	EndGlobalSection
EndGlobal
